
Microsoft Visual Studio Solution File, Format Version 12.00
# Visual Studio Version 16
VisualStudioVersion = 16.0.30128.74
MinimumVisualStudioVersion = 10.0.40219.1
Project("{9A19103F-16F7-4668-BE54-9A1E7A4F7556}") = "blueberry waffles (clone demo)", "blueberry waffles (clone demo)\blueberry waffles (clone demo).csproj", "{3010EFD8-80C6-4E03-8936-93B91ED8D582}"
EndProject
Project("{2150E333-8FDC-42A3-9474-1A3956D46DE8}") = "Solution Items", "Solution Items", "{5B2EDEF6-5475-47FC-A9BD-A6E89936083D}"
	ProjectSection(SolutionItems) = preProject
		om.txt = om.txt
	EndProjectSection
EndProject
Global
	GlobalSection(SolutionConfigurationPlatforms) = preSolution
		Debug|Any CPU = Debug|Any CPU
		Release|Any CPU = Release|Any CPU
	EndGlobalSection
	GlobalSection(ProjectConfigurationPlatforms) = postSolution
		{3010EFD8-80C6-4E03-8936-93B91ED8D582}.Debug|Any CPU.ActiveCfg = Debug|Any CPU
		{3010EFD8-80C6-4E03-8936-93B91ED8D582}.Debug|Any CPU.Build.0 = Debug|Any CPU
		{3010EFD8-80C6-4E03-8936-93B91ED8D582}.Release|Any CPU.ActiveCfg = Release|Any CPU
		{3010EFD8-80C6-4E03-8936-93B91ED8D582}.Release|Any CPU.Build.0 = Release|Any CPU
	EndGlobalSection
	GlobalSection(SolutionProperties) = preSolution
		HideSolutionNode = FALSE
	EndGlobalSection
	GlobalSection(ExtensibilityGlobals) = postSolution
		SolutionGuid = {FDC55CF2-CA0E-4D2F-B27E-3B040EB46000}
	EndGlobalSection
EndGlobal
