
Microsoft Visual Studio Solution File, Format Version 12.00
# Visual Studio Version 16
VisualStudioVersion = 16.0.30128.74
MinimumVisualStudioVersion = 10.0.40219.1
Project("{FAE04EC0-301F-11D3-BF4B-00C04F79EFBC}") = "blueberry waffles (clone demo)", "blueberry waffles (clone demo)\blueberry waffles (clone demo).csproj", "{3010EFD8-80C6-4E03-8936-93B91ED8D582}"
EndProject
Global
	GlobalSection(SolutionConfigurationPlatforms) = preSolution
		Debug|Any CPU = Debug|Any CPU
		Release|Any CPU = Release|Any CPU
	EndGlobalSection
	GlobalSection(ProjectConfigurationPlatforms) = postSolution
		{3010EFD8-80C6-4E03-8936-93B91ED8D582}.Debug|Any CPU.ActiveCfg = Debug|Any CPU
		{3010EFD8-80C6-4E03-8936-93B91ED8D582}.Debug|Any CPU.Build.0 = Debug|Any CPU
		{3010EFD8-80C6-4E03-8936-93B91ED8D582}.Release|Any CPU.ActiveCfg = Release|Any CPU
		{3010EFD8-80C6-4E03-8936-93B91ED8D582}.Release|Any CPU.Build.0 = Release|Any CPU
	EndGlobalSection
	GlobalSection(SolutionProperties) = preSolution
		HideSolutionNode = FALSE
	EndGlobalSection
	GlobalSection(ExtensibilityGlobals) = postSolution
		SolutionGuid = {FDC55CF2-CA0E-4D2F-B27E-3B040EB46000}
	EndGlobalSection
EndGlobal
